// !$*UTF8*$!
{
	archiveVersion = 1;
	classes = {
	};
	objectVersion = 46;
	objects = {

/* Begin PBXBuildFile section */
		0755915F1C3DED0C0076B359 /* main.m in Sources */ = {isa = PBXBuildFile; fileRef = 0755915E1C3DED0C0076B359 /* main.m */; };
		075591621C3DED0C0076B359 /* AppDelegate.m in Sources */ = {isa = PBXBuildFile; fileRef = 075591611C3DED0C0076B359 /* AppDelegate.m */; };
		075591651C3DED0C0076B359 /* ViewController.m in Sources */ = {isa = PBXBuildFile; fileRef = 075591641C3DED0C0076B359 /* ViewController.m */; };
		075591681C3DED0C0076B359 /* Main.storyboard in Resources */ = {isa = PBXBuildFile; fileRef = 075591661C3DED0C0076B359 /* Main.storyboard */; };
		0755916A1C3DED0C0076B359 /* Assets.xcassets in Resources */ = {isa = PBXBuildFile; fileRef = 075591691C3DED0C0076B359 /* Assets.xcassets */; };
		0755916D1C3DED0C0076B359 /* LaunchScreen.storyboard in Resources */ = {isa = PBXBuildFile; fileRef = 0755916B1C3DED0C0076B359 /* LaunchScreen.storyboard */; };
		075591791C3DEE930076B359 /* Configurations.plist in Resources */ = {isa = PBXBuildFile; fileRef = 075591781C3DEE930076B359 /* Configurations.plist */; };
		0755917C1C3DEF280076B359 /* MTConfiguration.m in Sources */ = {isa = PBXBuildFile; fileRef = 0755917B1C3DEF280076B359 /* MTConfiguration.m */; };
/* End PBXBuildFile section */

/* Begin PBXFileReference section */
		0755915A1C3DED0C0076B359 /* SwitchEnvironments.app */ = {isa = PBXFileReference; explicitFileType = wrapper.application; includeInIndex = 0; path = SwitchEnvironments.app; sourceTree = BUILT_PRODUCTS_DIR; };
		0755915E1C3DED0C0076B359 /* main.m */ = {isa = PBXFileReference; lastKnownFileType = sourcecode.c.objc; path = main.m; sourceTree = "<group>"; };
		075591601C3DED0C0076B359 /* AppDelegate.h */ = {isa = PBXFileReference; lastKnownFileType = sourcecode.c.h; path = AppDelegate.h; sourceTree = "<group>"; };
		075591611C3DED0C0076B359 /* AppDelegate.m */ = {isa = PBXFileReference; lastKnownFileType = sourcecode.c.objc; path = AppDelegate.m; sourceTree = "<group>"; };
		075591631C3DED0C0076B359 /* ViewController.h */ = {isa = PBXFileReference; lastKnownFileType = sourcecode.c.h; path = ViewController.h; sourceTree = "<group>"; };
		075591641C3DED0C0076B359 /* ViewController.m */ = {isa = PBXFileReference; lastKnownFileType = sourcecode.c.objc; path = ViewController.m; sourceTree = "<group>"; };
		075591671C3DED0C0076B359 /* Base */ = {isa = PBXFileReference; lastKnownFileType = file.storyboard; name = Base; path = Base.lproj/Main.storyboard; sourceTree = "<group>"; };
		075591691C3DED0C0076B359 /* Assets.xcassets */ = {isa = PBXFileReference; lastKnownFileType = folder.assetcatalog; path = Assets.xcassets; sourceTree = "<group>"; };
		0755916C1C3DED0C0076B359 /* Base */ = {isa = PBXFileReference; lastKnownFileType = file.storyboard; name = Base; path = Base.lproj/LaunchScreen.storyboard; sourceTree = "<group>"; };
		0755916E1C3DED0C0076B359 /* Info.plist */ = {isa = PBXFileReference; lastKnownFileType = text.plist.xml; path = Info.plist; sourceTree = "<group>"; };
		075591781C3DEE930076B359 /* Configurations.plist */ = {isa = PBXFileReference; fileEncoding = 4; lastKnownFileType = text.plist.xml; path = Configurations.plist; sourceTree = "<group>"; };
		0755917A1C3DEF0C0076B359 /* MTConfiguration.h */ = {isa = PBXFileReference; lastKnownFileType = sourcecode.c.h; path = MTConfiguration.h; sourceTree = "<group>"; };
		0755917B1C3DEF280076B359 /* MTConfiguration.m */ = {isa = PBXFileReference; fileEncoding = 4; lastKnownFileType = sourcecode.c.objc; path = MTConfiguration.m; sourceTree = "<group>"; };
/* End PBXFileReference section */

/* Begin PBXFrameworksBuildPhase section */
		075591571C3DED0C0076B359 /* Frameworks */ = {
			isa = PBXFrameworksBuildPhase;
			buildActionMask = 2147483647;
			files = (
			);
			runOnlyForDeploymentPostprocessing = 0;
		};
/* End PBXFrameworksBuildPhase section */

/* Begin PBXGroup section */
		075591511C3DED0C0076B359 = {
			isa = PBXGroup;
			children = (
				0755915C1C3DED0C0076B359 /* SwitchEnvironments */,
				0755915B1C3DED0C0076B359 /* Products */,
			);
			sourceTree = "<group>";
		};
		0755915B1C3DED0C0076B359 /* Products */ = {
			isa = PBXGroup;
			children = (
				0755915A1C3DED0C0076B359 /* SwitchEnvironments.app */,
			);
			name = Products;
			sourceTree = "<group>";
		};
		0755915C1C3DED0C0076B359 /* SwitchEnvironments */ = {
			isa = PBXGroup;
			children = (
				075591601C3DED0C0076B359 /* AppDelegate.h */,
				075591611C3DED0C0076B359 /* AppDelegate.m */,
				075591781C3DEE930076B359 /* Configurations.plist */,
				0755917A1C3DEF0C0076B359 /* MTConfiguration.h */,
				0755917B1C3DEF280076B359 /* MTConfiguration.m */,
				075591631C3DED0C0076B359 /* ViewController.h */,
				075591641C3DED0C0076B359 /* ViewController.m */,
				075591661C3DED0C0076B359 /* Main.storyboard */,
				075591691C3DED0C0076B359 /* Assets.xcassets */,
				0755916B1C3DED0C0076B359 /* LaunchScreen.storyboard */,
				0755916E1C3DED0C0076B359 /* Info.plist */,
				0755915D1C3DED0C0076B359 /* Supporting Files */,
			);
			path = SwitchEnvironments;
			sourceTree = "<group>";
		};
		0755915D1C3DED0C0076B359 /* Supporting Files */ = {
			isa = PBXGroup;
			children = (
				0755915E1C3DED0C0076B359 /* main.m */,
			);
			name = "Supporting Files";
			sourceTree = "<group>";
		};
/* End PBXGroup section */

/* Begin PBXNativeTarget section */
		075591591C3DED0C0076B359 /* SwitchEnvironments */ = {
			isa = PBXNativeTarget;
			buildConfigurationList = 075591711C3DED0C0076B359 /* Build configuration list for PBXNativeTarget "SwitchEnvironments" */;
			buildPhases = (
				075591561C3DED0C0076B359 /* Sources */,
				075591571C3DED0C0076B359 /* Frameworks */,
				075591581C3DED0C0076B359 /* Resources */,
			);
			buildRules = (
			);
			dependencies = (
			);
			name = SwitchEnvironments;
			productName = SwitchEnvironments;
			productReference = 0755915A1C3DED0C0076B359 /* SwitchEnvironments.app */;
			productType = "com.apple.product-type.application";
		};
/* End PBXNativeTarget section */

/* Begin PBXProject section */
		075591521C3DED0C0076B359 /* Project object */ = {
			isa = PBXProject;
			attributes = {
				LastUpgradeCheck = 0710;
				ORGANIZATIONNAME = "Proteus Digital Health";
				TargetAttributes = {
					075591591C3DED0C0076B359 = {
						CreatedOnToolsVersion = 7.1.1;
					};
				};
			};
			buildConfigurationList = 075591551C3DED0C0076B359 /* Build configuration list for PBXProject "SwitchEnvironments" */;
			compatibilityVersion = "Xcode 3.2";
			developmentRegion = English;
			hasScannedForEncodings = 0;
			knownRegions = (
				en,
				Base,
			);
			mainGroup = 075591511C3DED0C0076B359;
			productRefGroup = 0755915B1C3DED0C0076B359 /* Products */;
			projectDirPath = "";
			projectRoot = "";
			targets = (
				075591591C3DED0C0076B359 /* SwitchEnvironments */,
			);
		};
/* End PBXProject section */

/* Begin PBXResourcesBuildPhase section */
		075591581C3DED0C0076B359 /* Resources */ = {
			isa = PBXResourcesBuildPhase;
			buildActionMask = 2147483647;
			files = (
				0755916D1C3DED0C0076B359 /* LaunchScreen.storyboard in Resources */,
				075591791C3DEE930076B359 /* Configurations.plist in Resources */,
				0755916A1C3DED0C0076B359 /* Assets.xcassets in Resources */,
				075591681C3DED0C0076B359 /* Main.storyboard in Resources */,
			);
			runOnlyForDeploymentPostprocessing = 0;
		};
/* End PBXResourcesBuildPhase section */

/* Begin PBXSourcesBuildPhase section */
		075591561C3DED0C0076B359 /* Sources */ = {
			isa = PBXSourcesBuildPhase;
			buildActionMask = 2147483647;
			files = (
				075591651C3DED0C0076B359 /* ViewController.m in Sources */,
				075591621C3DED0C0076B359 /* AppDelegate.m in Sources */,
				0755917C1C3DEF280076B359 /* MTConfiguration.m in Sources */,
				0755915F1C3DED0C0076B359 /* main.m in Sources */,
			);
			runOnlyForDeploymentPostprocessing = 0;
		};
/* End PBXSourcesBuildPhase section */

/* Begin PBXVariantGroup section */
		075591661C3DED0C0076B359 /* Main.storyboard */ = {
			isa = PBXVariantGroup;
			children = (
				075591671C3DED0C0076B359 /* Base */,
			);
			name = Main.storyboard;
			sourceTree = "<group>";
		};
		0755916B1C3DED0C0076B359 /* LaunchScreen.storyboard */ = {
			isa = PBXVariantGroup;
			children = (
				0755916C1C3DED0C0076B359 /* Base */,
			);
			name = LaunchScreen.storyboard;
			sourceTree = "<group>";
		};
/* End PBXVariantGroup section */

/* Begin XCBuildConfiguration section */
		0755916F1C3DED0C0076B359 /* Debug */ = {
			isa = XCBuildConfiguration;
			buildSettings = {
				ALWAYS_SEARCH_USER_PATHS = NO;
				CLANG_CXX_LANGUAGE_STANDARD = "gnu++0x";
				CLANG_CXX_LIBRARY = "libc++";
				CLANG_ENABLE_MODULES = YES;
				CLANG_ENABLE_OBJC_ARC = YES;
				CLANG_WARN_BOOL_CONVERSION = YES;
				CLANG_WARN_CONSTANT_CONVERSION = YES;
				CLANG_WARN_DIRECT_OBJC_ISA_USAGE = YES_ERROR;
				CLANG_WARN_EMPTY_BODY = YES;
				CLANG_WARN_ENUM_CONVERSION = YES;
				CLANG_WARN_INT_CONVERSION = YES;
				CLANG_WARN_OBJC_ROOT_CLASS = YES_ERROR;
				CLANG_WARN_UNREACHABLE_CODE = YES;
				CLANG_WARN__DUPLICATE_METHOD_MATCH = YES;
				"CODE_SIGN_IDENTITY[sdk=iphoneos*]" = "iPhone Developer";
				COPY_PHASE_STRIP = NO;
				DEBUG_INFORMATION_FORMAT = dwarf;
				ENABLE_STRICT_OBJC_MSGSEND = YES;
				ENABLE_TESTABILITY = YES;
				GCC_C_LANGUAGE_STANDARD = gnu99;
				GCC_DYNAMIC_NO_PIC = NO;
				GCC_NO_COMMON_BLOCKS = YES;
				GCC_OPTIMIZATION_LEVEL = 0;
				GCC_PREPROCESSOR_DEFINITIONS = (
					"DEBUG=1",
					"$(inherited)",
				);
				GCC_WARN_64_TO_32_BIT_CONVERSION = YES;
				GCC_WARN_ABOUT_RETURN_TYPE = YES_ERROR;
				GCC_WARN_UNDECLARED_SELECTOR = YES;
				GCC_WARN_UNINITIALIZED_AUTOS = YES_AGGRESSIVE;
				GCC_WARN_UNUSED_FUNCTION = YES;
				GCC_WARN_UNUSED_VARIABLE = YES;
				INFOPLIST_PREPROCESS = YES;
				IPHONEOS_DEPLOYMENT_TARGET = 9.1;
				MTL_ENABLE_DEBUG_INFO = YES;
				ONLY_ACTIVE_ARCH = YES;
				SDKROOT = iphoneos;
				TARGETED_DEVICE_FAMILY = "1,2";
			};
			name = Debug;
		};
		075591701C3DED0C0076B359 /* Release */ = {
			isa = XCBuildConfiguration;
			buildSettings = {
				ALWAYS_SEARCH_USER_PATHS = NO;
				CLANG_CXX_LANGUAGE_STANDARD = "gnu++0x";
				CLANG_CXX_LIBRARY = "libc++";
				CLANG_ENABLE_MODULES = YES;
				CLANG_ENABLE_OBJC_ARC = YES;
				CLANG_WARN_BOOL_CONVERSION = YES;
				CLANG_WARN_CONSTANT_CONVERSION = YES;
				CLANG_WARN_DIRECT_OBJC_ISA_USAGE = YES_ERROR;
				CLANG_WARN_EMPTY_BODY = YES;
				CLANG_WARN_ENUM_CONVERSION = YES;
				CLANG_WARN_INT_CONVERSION = YES;
				CLANG_WARN_OBJC_ROOT_CLASS = YES_ERROR;
				CLANG_WARN_UNREACHABLE_CODE = YES;
				CLANG_WARN__DUPLICATE_METHOD_MATCH = YES;
				"CODE_SIGN_IDENTITY[sdk=iphoneos*]" = "iPhone Developer";
				COPY_PHASE_STRIP = NO;
				DEBUG_INFORMATION_FORMAT = "dwarf-with-dsym";
				ENABLE_NS_ASSERTIONS = NO;
				ENABLE_STRICT_OBJC_MSGSEND = YES;
				GCC_C_LANGUAGE_STANDARD = gnu99;
				GCC_NO_COMMON_BLOCKS = YES;
				GCC_WARN_64_TO_32_BIT_CONVERSION = YES;
				GCC_WARN_ABOUT_RETURN_TYPE = YES_ERROR;
				GCC_WARN_UNDECLARED_SELECTOR = YES;
				GCC_WARN_UNINITIALIZED_AUTOS = YES_AGGRESSIVE;
				GCC_WARN_UNUSED_FUNCTION = YES;
				GCC_WARN_UNUSED_VARIABLE = YES;
				INFOPLIST_PREPROCESS = YES;
				IPHONEOS_DEPLOYMENT_TARGET = 9.1;
				MTL_ENABLE_DEBUG_INFO = NO;
				SDKROOT = iphoneos;
				TARGETED_DEVICE_FAMILY = "1,2";
				VALIDATE_PRODUCT = YES;
			};
			name = Release;
		};
		075591721C3DED0C0076B359 /* Debug */ = {
			isa = XCBuildConfiguration;
			buildSettings = {
				ASSETCATALOG_COMPILER_APPICON_NAME = AppIcon;
				INFOPLIST_FILE = SwitchEnvironments/Info.plist;
				LD_RUNPATH_SEARCH_PATHS = "$(inherited) @executable_path/Frameworks";
				PRODUCT_BUNDLE_IDENTIFIER = com.proteus.envswitch.SwitchEnvironments;
				PRODUCT_NAME = "$(TARGET_NAME)";
			};
			name = Debug;
		};
		075591731C3DED0C0076B359 /* Release */ = {
			isa = XCBuildConfiguration;
			buildSettings = {
				ASSETCATALOG_COMPILER_APPICON_NAME = AppIcon;
				INFOPLIST_FILE = SwitchEnvironments/Info.plist;
				LD_RUNPATH_SEARCH_PATHS = "$(inherited) @executable_path/Frameworks";
				PRODUCT_BUNDLE_IDENTIFIER = com.proteus.envswitch.SwitchEnvironments;
				PRODUCT_NAME = "$(TARGET_NAME)";
			};
			name = Release;
		};
		075591741C3DED370076B359 /* Production */ = {
			isa = XCBuildConfiguration;
			buildSettings = {
				ALWAYS_SEARCH_USER_PATHS = NO;
				CLANG_CXX_LANGUAGE_STANDARD = "gnu++0x";
				CLANG_CXX_LIBRARY = "libc++";
				CLANG_ENABLE_MODULES = YES;
				CLANG_ENABLE_OBJC_ARC = YES;
				CLANG_WARN_BOOL_CONVERSION = YES;
				CLANG_WARN_CONSTANT_CONVERSION = YES;
				CLANG_WARN_DIRECT_OBJC_ISA_USAGE = YES_ERROR;
				CLANG_WARN_EMPTY_BODY = YES;
				CLANG_WARN_ENUM_CONVERSION = YES;
				CLANG_WARN_INT_CONVERSION = YES;
				CLANG_WARN_OBJC_ROOT_CLASS = YES_ERROR;
				CLANG_WARN_UNREACHABLE_CODE = YES;
				CLANG_WARN__DUPLICATE_METHOD_MATCH = YES;
				"CODE_SIGN_IDENTITY[sdk=iphoneos*]" = "iPhone Developer";
				COPY_PHASE_STRIP = NO;
				DEBUG_INFORMATION_FORMAT = dwarf;
				ENABLE_STRICT_OBJC_MSGSEND = YES;
				ENABLE_TESTABILITY = YES;
				GCC_C_LANGUAGE_STANDARD = gnu99;
				GCC_DYNAMIC_NO_PIC = NO;
				GCC_NO_COMMON_BLOCKS = YES;
				GCC_OPTIMIZATION_LEVEL = 0;
				GCC_PREPROCESSOR_DEFINITIONS = (
					"DEBUG=1",
					"$(inherited)",
				);
				GCC_WARN_64_TO_32_BIT_CONVERSION = YES;
				GCC_WARN_ABOUT_RETURN_TYPE = YES_ERROR;
				GCC_WARN_UNDECLARED_SELECTOR = YES;
				GCC_WARN_UNINITIALIZED_AUTOS = YES_AGGRESSIVE;
				GCC_WARN_UNUSED_FUNCTION = YES;
				GCC_WARN_UNUSED_VARIABLE = YES;
				INFOPLIST_PREPROCESS = YES;
				IPHONEOS_DEPLOYMENT_TARGET = 9.1;
				MTL_ENABLE_DEBUG_INFO = YES;
				ONLY_ACTIVE_ARCH = YES;
				SDKROOT = iphoneos;
				TARGETED_DEVICE_FAMILY = "1,2";
			};
			name = Production;
		};
		075591751C3DED370076B359 /* Production */ = {
			isa = XCBuildConfiguration;
			buildSettings = {
				ASSETCATALOG_COMPILER_APPICON_NAME = AppIcon;
				INFOPLIST_FILE = SwitchEnvironments/Info.plist;
				LD_RUNPATH_SEARCH_PATHS = "$(inherited) @executable_path/Frameworks";
				PRODUCT_BUNDLE_IDENTIFIER = com.proteus.envswitch.SwitchEnvironments;
				PRODUCT_NAME = "$(TARGET_NAME)";
			};
			name = Production;
		};
		075591761C3DED3A0076B359 /* Staging */ = {
			isa = XCBuildConfiguration;
			buildSettings = {
				ALWAYS_SEARCH_USER_PATHS = NO;
				CLANG_CXX_LANGUAGE_STANDARD = "gnu++0x";
				CLANG_CXX_LIBRARY = "libc++";
				CLANG_ENABLE_MODULES = YES;
				CLANG_ENABLE_OBJC_ARC = YES;
				CLANG_WARN_BOOL_CONVERSION = YES;
				CLANG_WARN_CONSTANT_CONVERSION = YES;
				CLANG_WARN_DIRECT_OBJC_ISA_USAGE = YES_ERROR;
				CLANG_WARN_EMPTY_BODY = YES;
				CLANG_WARN_ENUM_CONVERSION = YES;
				CLANG_WARN_INT_CONVERSION = YES;
				CLANG_WARN_OBJC_ROOT_CLASS = YES_ERROR;
				CLANG_WARN_UNREACHABLE_CODE = YES;
				CLANG_WARN__DUPLICATE_METHOD_MATCH = YES;
				"CODE_SIGN_IDENTITY[sdk=iphoneos*]" = "iPhone Developer";
				COPY_PHASE_STRIP = NO;
				DEBUG_INFORMATION_FORMAT = dwarf;
				ENABLE_STRICT_OBJC_MSGSEND = YES;
				ENABLE_TESTABILITY = YES;
				GCC_C_LANGUAGE_STANDARD = gnu99;
				GCC_DYNAMIC_NO_PIC = NO;
				GCC_NO_COMMON_BLOCKS = YES;
				GCC_OPTIMIZATION_LEVEL = 0;
				GCC_PREPROCESSOR_DEFINITIONS = (
					"DEBUG=1",
					"$(inherited)",
				);
				GCC_WARN_64_TO_32_BIT_CONVERSION = YES;
				GCC_WARN_ABOUT_RETURN_TYPE = YES_ERROR;
				GCC_WARN_UNDECLARED_SELECTOR = YES;
				GCC_WARN_UNINITIALIZED_AUTOS = YES_AGGRESSIVE;
				GCC_WARN_UNUSED_FUNCTION = YES;
				GCC_WARN_UNUSED_VARIABLE = YES;
				INFOPLIST_PREPROCESS = YES;
				IPHONEOS_DEPLOYMENT_TARGET = 9.1;
				MTL_ENABLE_DEBUG_INFO = YES;
				ONLY_ACTIVE_ARCH = YES;
				SDKROOT = iphoneos;
				TARGETED_DEVICE_FAMILY = "1,2";
			};
			name = Staging;
		};
		075591771C3DED3A0076B359 /* Staging */ = {
			isa = XCBuildConfiguration;
			buildSettings = {
				ASSETCATALOG_COMPILER_APPICON_NAME = AppIcon;
				INFOPLIST_FILE = SwitchEnvironments/Info.plist;
				LD_RUNPATH_SEARCH_PATHS = "$(inherited) @executable_path/Frameworks";
				PRODUCT_BUNDLE_IDENTIFIER = com.proteus.envswitch.SwitchEnvironments;
				PRODUCT_NAME = "$(TARGET_NAME)";
			};
			name = Staging;
		};
/* End XCBuildConfiguration section */

/* Begin XCConfigurationList section */
		075591551C3DED0C0076B359 /* Build configuration list for PBXProject "SwitchEnvironments" */ = {
			isa = XCConfigurationList;
			buildConfigurations = (
				0755916F1C3DED0C0076B359 /* Debug */,
				075591761C3DED3A0076B359 /* Staging */,
				075591741C3DED370076B359 /* Production */,
				075591701C3DED0C0076B359 /* Release */,
			);
			defaultConfigurationIsVisible = 0;
			defaultConfigurationName = Release;
		};
		075591711C3DED0C0076B359 /* Build configuration list for PBXNativeTarget "SwitchEnvironments" */ = {
			isa = XCConfigurationList;
			buildConfigurations = (
				075591721C3DED0C0076B359 /* Debug */,
				075591771C3DED3A0076B359 /* Staging */,
				075591751C3DED370076B359 /* Production */,
				075591731C3DED0C0076B359 /* Release */,
			);
			defaultConfigurationIsVisible = 0;
			defaultConfigurationName = Release;
		};
/* End XCConfigurationList section */
	};
	rootObject = 075591521C3DED0C0076B359 /* Project object */;
}
